
Microsoft Visual Studio Solution File, Format Version 12.00
# Visual Studio Version 17
VisualStudioVersion = 17.5.33502.453
MinimumVisualStudioVersion = 10.0.40219.1
Project("{FAE04EC0-301F-11D3-BF4B-00C04F79EFBC}") = "LookDaysAPI", "LookDaysAPI\LookDaysAPI.csproj", "{1642BDCC-D2EE-4E1E-8595-1833CBB92B22}"
EndProject
Global
	GlobalSection(SolutionConfigurationPlatforms) = preSolution
		Debug|Any CPU = Debug|Any CPU
		Release|Any CPU = Release|Any CPU
	EndGlobalSection
	GlobalSection(ProjectConfigurationPlatforms) = postSolution
		{1642BDCC-D2EE-4E1E-8595-1833CBB92B22}.Debug|Any CPU.ActiveCfg = Debug|Any CPU
		{1642BDCC-D2EE-4E1E-8595-1833CBB92B22}.Debug|Any CPU.Build.0 = Debug|Any CPU
		{1642BDCC-D2EE-4E1E-8595-1833CBB92B22}.Release|Any CPU.ActiveCfg = Release|Any CPU
		{1642BDCC-D2EE-4E1E-8595-1833CBB92B22}.Release|Any CPU.Build.0 = Release|Any CPU
	EndGlobalSection
	GlobalSection(SolutionProperties) = preSolution
		HideSolutionNode = FALSE
	EndGlobalSection
	GlobalSection(ExtensibilityGlobals) = postSolution
		SolutionGuid = {39CEEA38-D2F1-4BB4-9A21-2914B4D980BA}
	EndGlobalSection
EndGlobal
